
Microsoft Visual Studio Solution File, Format Version 12.00
# Visual Studio Version 17
VisualStudioVersion = 17.0.31903.59
MinimumVisualStudioVersion = 10.0.40219.1
Project("{2150E333-8FDC-42A3-9474-1A3956D46DE8}") = "src", "src", "{73287E19-3E91-4EDA-B843-D14167F87229}"
EndProject
Project("{FAE04EC0-301F-11D3-BF4B-00C04F79EFBC}") = "Editor.Abstractions", "src\Editor.Abstractions\Editor.Abstractions.csproj", "{BB549CC6-7F20-456E-9D1A-286623AFE3D3}"
EndProject
Project("{FAE04EC0-301F-11D3-BF4B-00C04F79EFBC}") = "Editor.WordPress", "src\Editor.WordPress\Editor.WordPress.csproj", "{D6393273-F135-48AF-B096-A539CFD16884}"
EndProject
Project("{2150E333-8FDC-42A3-9474-1A3956D46DE8}") = "tests", "tests", "{EB524A6D-12A8-43FC-AEDD-C1D9B33ABDC7}"
EndProject
Project("{FAE04EC0-301F-11D3-BF4B-00C04F79EFBC}") = "Editor.Tests", "tests\Editor.Tests\Editor.Tests.csproj", "{AF337FF7-ACFD-4D3C-8347-767DF6848AC3}"
EndProject
Global
	GlobalSection(SolutionConfigurationPlatforms) = preSolution
		Debug|Any CPU = Debug|Any CPU
		Release|Any CPU = Release|Any CPU
	EndGlobalSection
	GlobalSection(SolutionProperties) = preSolution
		HideSolutionNode = FALSE
	EndGlobalSection
	GlobalSection(ProjectConfigurationPlatforms) = postSolution
		{BB549CC6-7F20-456E-9D1A-286623AFE3D3}.Debug|Any CPU.ActiveCfg = Debug|Any CPU
		{BB549CC6-7F20-456E-9D1A-286623AFE3D3}.Debug|Any CPU.Build.0 = Debug|Any CPU
		{BB549CC6-7F20-456E-9D1A-286623AFE3D3}.Release|Any CPU.ActiveCfg = Release|Any CPU
		{BB549CC6-7F20-456E-9D1A-286623AFE3D3}.Release|Any CPU.Build.0 = Release|Any CPU
		{D6393273-F135-48AF-B096-A539CFD16884}.Debug|Any CPU.ActiveCfg = Debug|Any CPU
		{D6393273-F135-48AF-B096-A539CFD16884}.Debug|Any CPU.Build.0 = Debug|Any CPU
		{D6393273-F135-48AF-B096-A539CFD16884}.Release|Any CPU.ActiveCfg = Release|Any CPU
		{D6393273-F135-48AF-B096-A539CFD16884}.Release|Any CPU.Build.0 = Release|Any CPU
		{AF337FF7-ACFD-4D3C-8347-767DF6848AC3}.Debug|Any CPU.ActiveCfg = Debug|Any CPU
		{AF337FF7-ACFD-4D3C-8347-767DF6848AC3}.Debug|Any CPU.Build.0 = Debug|Any CPU
		{AF337FF7-ACFD-4D3C-8347-767DF6848AC3}.Release|Any CPU.ActiveCfg = Release|Any CPU
		{AF337FF7-ACFD-4D3C-8347-767DF6848AC3}.Release|Any CPU.Build.0 = Release|Any CPU
	EndGlobalSection
	GlobalSection(NestedProjects) = preSolution
		{BB549CC6-7F20-456E-9D1A-286623AFE3D3} = {73287E19-3E91-4EDA-B843-D14167F87229}
		{D6393273-F135-48AF-B096-A539CFD16884} = {73287E19-3E91-4EDA-B843-D14167F87229}
		{AF337FF7-ACFD-4D3C-8347-767DF6848AC3} = {EB524A6D-12A8-43FC-AEDD-C1D9B33ABDC7}
	EndGlobalSection
EndGlobal
